
Microsoft Visual Studio Solution File, Format Version 12.00
# Visual Studio Version 17
VisualStudioVersion = 17.0.31912.275
MinimumVisualStudioVersion = 10.0.40219.1
Project("{FAE04EC0-301F-11D3-BF4B-00C04F79EFBC}") = "WeGout", "WeGout.csproj", "{FEDB66C5-AC4A-4719-9477-97BD856BFA6E}"
EndProject
Global
	GlobalSection(SolutionConfigurationPlatforms) = preSolution
		Debug|Any CPU = Debug|Any CPU
		Release|Any CPU = Release|Any CPU
	EndGlobalSection
	GlobalSection(ProjectConfigurationPlatforms) = postSolution
		{FEDB66C5-AC4A-4719-9477-97BD856BFA6E}.Debug|Any CPU.ActiveCfg = Debug|Any CPU
		{FEDB66C5-AC4A-4719-9477-97BD856BFA6E}.Debug|Any CPU.Build.0 = Debug|Any CPU
		{FEDB66C5-AC4A-4719-9477-97BD856BFA6E}.Release|Any CPU.ActiveCfg = Release|Any CPU
		{FEDB66C5-AC4A-4719-9477-97BD856BFA6E}.Release|Any CPU.Build.0 = Release|Any CPU
	EndGlobalSection
	GlobalSection(SolutionProperties) = preSolution
		HideSolutionNode = FALSE
	EndGlobalSection
	GlobalSection(ExtensibilityGlobals) = postSolution
		SolutionGuid = {8F44F3C3-7956-4433-947A-453DEDDA2475}
	EndGlobalSection
EndGlobal
